
Microsoft Visual Studio Solution File, Format Version 12.00
# Visual Studio Version 17
VisualStudioVersion = 17.1.32421.90
MinimumVisualStudioVersion = 10.0.40219.1
Project("{FAE04EC0-301F-11D3-BF4B-00C04F79EFBC}") = "DanilMobile.Android", "DanilMobile\DanilMobile.Android\DanilMobile.Android.csproj", "{FFF142B5-6098-45F8-AEC0-59B261551D30}"
EndProject
Project("{FAE04EC0-301F-11D3-BF4B-00C04F79EFBC}") = "DanilMobile", "DanilMobile\DanilMobile\DanilMobile.csproj", "{C228DE2D-2398-4AF3-9B19-3C16CF2794B7}"
EndProject
Global
	GlobalSection(SolutionConfigurationPlatforms) = preSolution
		Debug|Any CPU = Debug|Any CPU
		Release|Any CPU = Release|Any CPU
	EndGlobalSection
	GlobalSection(ProjectConfigurationPlatforms) = postSolution
		{FFF142B5-6098-45F8-AEC0-59B261551D30}.Debug|Any CPU.ActiveCfg = Debug|Any CPU
		{FFF142B5-6098-45F8-AEC0-59B261551D30}.Debug|Any CPU.Build.0 = Debug|Any CPU
		{FFF142B5-6098-45F8-AEC0-59B261551D30}.Debug|Any CPU.Deploy.0 = Debug|Any CPU
		{FFF142B5-6098-45F8-AEC0-59B261551D30}.Release|Any CPU.ActiveCfg = Release|Any CPU
		{FFF142B5-6098-45F8-AEC0-59B261551D30}.Release|Any CPU.Build.0 = Release|Any CPU
		{FFF142B5-6098-45F8-AEC0-59B261551D30}.Release|Any CPU.Deploy.0 = Release|Any CPU
		{C228DE2D-2398-4AF3-9B19-3C16CF2794B7}.Debug|Any CPU.ActiveCfg = Debug|Any CPU
		{C228DE2D-2398-4AF3-9B19-3C16CF2794B7}.Debug|Any CPU.Build.0 = Debug|Any CPU
		{C228DE2D-2398-4AF3-9B19-3C16CF2794B7}.Release|Any CPU.ActiveCfg = Release|Any CPU
		{C228DE2D-2398-4AF3-9B19-3C16CF2794B7}.Release|Any CPU.Build.0 = Release|Any CPU
	EndGlobalSection
	GlobalSection(SolutionProperties) = preSolution
		HideSolutionNode = FALSE
	EndGlobalSection
	GlobalSection(ExtensibilityGlobals) = postSolution
		SolutionGuid = {2E3D7960-8B14-4D7A-AACF-0B2E26617774}
	EndGlobalSection
EndGlobal
